{
    "_readme": [
        "This file locks the dependencies of your project to a known state",
        "Read more about it at http://getcomposer.org/doc/01-basic-usage.md#composer-lock-the-lock-file"
    ],
    "hash": "c7416e1ec52acbb843edaa82c276795a",
    "packages": [
        {
            "name": "eloquent/composer-config-reader",
            "version": "2.0.0",
            "source": {
                "type": "git",
                "url": "https://github.com/eloquent/composer-config-reader.git",
                "reference": "b79319806e1bcc101c89a023b3aeee9e5931e463"
            },
            "dist": {
                "type": "zip",
                "url": "https://api.github.com/repos/eloquent/composer-config-reader/zipball/b79319806e1bcc101c89a023b3aeee9e5931e463",
                "reference": "b79319806e1bcc101c89a023b3aeee9e5931e463",
                "shasum": ""
            },
            "require": {
                "eloquent/enumeration": "~5",
                "eloquent/liberator": "~1",
                "icecave/isolator": "~2",
                "justinrainbow/json-schema": "~1",
                "php": ">=5.3"
            },
            "require-dev": {
                "icecave/archer": "~1"
            },
            "type": "library",
            "autoload": {
                "psr-4": {
                    "Eloquent\\Composer\\Configuration\\": "src"
                }
            },
            "notification-url": "https://packagist.org/downloads/",
            "license": [
                "MIT"
            ],
            "authors": [
                {
                    "name": "Erin Millard",
                    "email": "ezzatron@gmail.com",
                    "homepage": "http://ezzatron.com/"
                }
            ],
            "description": "A light-weight component for reading Composer configuration files.",
            "homepage": "https://github.com/eloquent/composer-config-reader",
            "keywords": [
                "composer",
                "configuration",
                "parser",
                "reader"
            ],
            "time": "2014-01-22 01:05:31"
        },
        {
            "name": "eloquent/enumeration",
            "version": "5.1.0",
            "source": {
                "type": "git",
                "url": "https://github.com/eloquent/enumeration.git",
                "reference": "9c50109cf25b2008b9b8233b814e50e0cdf8b737"
            },
            "dist": {
                "type": "zip",
                "url": "https://api.github.com/repos/eloquent/enumeration/zipball/9c50109cf25b2008b9b8233b814e50e0cdf8b737",
                "reference": "9c50109cf25b2008b9b8233b814e50e0cdf8b737",
                "shasum": ""
            },
            "require": {
                "php": ">=5.3"
            },
            "require-dev": {
                "icecave/archer": "~1"
            },
            "type": "library",
            "autoload": {
                "psr-4": {
                    "Eloquent\\Enumeration\\": "src"
                }
            },
            "notification-url": "https://packagist.org/downloads/",
            "license": [
                "MIT"
            ],
            "authors": [
                {
                    "name": "Erin Millard",
                    "email": "ezzatron@gmail.com",
                    "homepage": "http://ezzatron.com/"
                }
            ],
            "description": "An enumeration implementation for PHP.",
            "homepage": "https://github.com/eloquent/enumeration",
            "keywords": [
                "class",
                "enum",
                "enumeration",
                "multiton",
                "set",
                "type"
            ],
            "time": "2014-03-13 01:16:59"
        },
        {
            "name": "eloquent/liberator",
            "version": "1.1.1",
            "source": {
                "type": "git",
                "url": "https://github.com/eloquent/liberator.git",
                "reference": "a85435066850ab47acc61296c5d20732ff4c9655"
            },
            "dist": {
                "type": "zip",
                "url": "https://api.github.com/repos/eloquent/liberator/zipball/a85435066850ab47acc61296c5d20732ff4c9655",
                "reference": "a85435066850ab47acc61296c5d20732ff4c9655",
                "shasum": ""
            },
            "require": {
                "eloquent/pops": "~3",
                "php": ">=5.3.0"
            },
            "require-dev": {
                "icecave/archer": "~0.2"
            },
            "type": "library",
            "autoload": {
                "psr-0": {
                    "Eloquent\\Liberator": "src"
                }
            },
            "notification-url": "https://packagist.org/downloads/",
            "license": [
                "MIT"
            ],
            "authors": [
                {
                    "name": "Erin Millard",
                    "email": "ezzatron@gmail.com",
                    "homepage": "http://ezzatron.com/"
                }
            ],
            "description": "A proxy for circumventing PHP access modifier restrictions.",
            "homepage": "https://github.com/eloquent/liberator",
            "keywords": [
                "access",
                "modifier",
                "object",
                "private",
                "protected",
                "proxy",
                "reflection"
            ],
            "time": "2013-03-03 23:02:47"
        },
        {
            "name": "eloquent/pops",
            "version": "3.1.1",
            "source": {
                "type": "git",
                "url": "https://github.com/eloquent/pops.git",
                "reference": "b14090a3478f544d1b3a3b9389cb03415cf4f37f"
            },
            "dist": {
                "type": "zip",
                "url": "https://api.github.com/repos/eloquent/pops/zipball/b14090a3478f544d1b3a3b9389cb03415cf4f37f",
                "reference": "b14090a3478f544d1b3a3b9389cb03415cf4f37f",
                "shasum": ""
            },
            "require": {
                "php": ">=5.3.0"
            },
            "require-dev": {
                "icecave/archer": "~0.2"
            },
            "type": "library",
            "autoload": {
                "psr-0": {
                    "Eloquent\\Pops": "src"
                }
            },
            "notification-url": "https://packagist.org/downloads/",
            "license": [
                "MIT"
            ],
            "authors": [
                {
                    "name": "Erin Millard",
                    "email": "ezzatron@gmail.com",
                    "homepage": "http://ezzatron.com/"
                }
            ],
            "description": "PHP object proxy system.",
            "homepage": "https://github.com/eloquent/pops",
            "keywords": [
                "escaping",
                "object",
                "proxy"
            ],
            "time": "2013-03-04 10:10:43"
        },
        {
            "name": "icecave/isolator",
            "version": "2.2.1",
            "source": {
                "type": "git",
                "url": "https://github.com/IcecaveStudios/isolator.git",
                "reference": "1a97a7ea0a3acf4b6caf06313d72c32e0182bca5"
            },
            "dist": {
                "type": "zip",
                "url": "https://api.github.com/repos/IcecaveStudios/isolator/zipball/1a97a7ea0a3acf4b6caf06313d72c32e0182bca5",
                "reference": "1a97a7ea0a3acf4b6caf06313d72c32e0182bca5",
                "shasum": ""
            },
            "require": {
                "php": ">=5.3"
            },
            "require-dev": {
                "icecave/archer": "~1"
            },
            "suggest": {
                "eloquent/asplode": "Drop-in exception-based error handling."
            },
            "type": "library",
            "autoload": {
                "psr-4": {
                    "Icecave\\Isolator\\": "src"
                }
            },
            "notification-url": "https://packagist.org/downloads/",
            "license": [
                "MIT"
            ],
            "authors": [
                {
                    "name": "James Harris",
                    "email": "james.harris@icecave.com.au",
                    "homepage": "https://github.com/jmalloc"
                }
            ],
            "description": "Dependency injection for global functions.",
            "homepage": "https://github.com/IcecaveStudios/isolator",
            "keywords": [
                "fake",
                "mock",
                "phake",
                "phpunit",
                "test",
                "unit"
            ],
            "time": "2014-02-27 04:33:16"
        },
        {
            "name": "justinrainbow/json-schema",
            "version": "1.3.6",
            "source": {
                "type": "git",
                "url": "https://github.com/justinrainbow/json-schema.git",
                "reference": "d97cf3ce890fe80f247fc08594a1c8a1029fc7ed"
            },
            "dist": {
                "type": "zip",
                "url": "https://api.github.com/repos/justinrainbow/json-schema/zipball/d97cf3ce890fe80f247fc08594a1c8a1029fc7ed",
                "reference": "d97cf3ce890fe80f247fc08594a1c8a1029fc7ed",
                "shasum": ""
            },
            "require": {
                "php": ">=5.3.0"
            },
            "require-dev": {
                "json-schema/json-schema-test-suite": "1.1.0",
                "phpdocumentor/phpdocumentor": "~2",
                "phpunit/phpunit": "~3.7"
            },
            "bin": [
                "bin/validate-json"
            ],
            "type": "library",
            "extra": {
                "branch-alias": {
                    "dev-master": "1.4.x-dev"
                }
            },
            "autoload": {
                "psr-0": {
                    "JsonSchema": "src/"
                }
            },
            "notification-url": "https://packagist.org/downloads/",
            "license": [
                "BSD-3-Clause"
            ],
            "authors": [
                {
                    "name": "Igor Wiedler",
                    "email": "igor@wiedler.ch",
                    "homepage": "http://wiedler.ch/igor/"
                },
                {
                    "name": "Bruno Prieto Reis",
                    "email": "bruno.p.reis@gmail.com"
                },
                {
                    "name": "Justin Rainbow",
                    "email": "justin.rainbow@gmail.com"
                },
                {
                    "name": "Robert Schönthal",
                    "email": "seroscho@googlemail.com",
                    "homepage": "http://digitalkaoz.net"
                }
            ],
            "description": "A library to validate a json schema.",
            "homepage": "https://github.com/justinrainbow/json-schema",
            "keywords": [
                "json",
                "schema"
            ],
            "time": "2014-03-05 15:03:52"
        },
        {
            "name": "magento-hackathon/magento-composer-installer",
            "version": "2.0.0",
            "source": {
                "type": "git",
                "url": "https://github.com/magento-hackathon/magento-composer-installer.git",
                "reference": "3ffa023d2717d16bfc31c36c8184605dec3f34f7"
            },
            "dist": {
                "type": "zip",
                "url": "https://api.github.com/repos/magento-hackathon/magento-composer-installer/zipball/3ffa023d2717d16bfc31c36c8184605dec3f34f7",
                "reference": "3ffa023d2717d16bfc31c36c8184605dec3f34f7",
                "shasum": ""
            },
            "archive": {
                "exclude": [
                    "vendor",
                    "/tests/FullStackTest/"
                ]
            },
            "require": {
                "composer-plugin-api": "1.0.0",
                "eloquent/composer-config-reader": "2.*"
            },
            "require-dev": {
                "composer/composer": "*@dev",
                "mikey179/vfsstream": "*",
                "phpunit/phpunit": "*",
                "phpunit/phpunit-mock-objects": "dev-master",
                "symfony/process": "*"
            },
            "suggest": {
                "magento-hackathon/composer-command-integrator": "*",
                "theseer/autoload": "~1.14",
                "zetacomponents/console-tools": "dev-master"
            },
            "type": "composer-plugin",
            "extra": {
                "composer-command-registry": [
                    "MagentoHackathon\\Composer\\Magento\\Command\\DeployCommand"
                ],
                "class": "MagentoHackathon\\Composer\\Magento\\Plugin"
            },
            "autoload": {
                "psr-0": {
                    "MagentoHackathon\\Composer\\Magento": "src/"
                }
            },
            "license": [
                "OSL-3.0"
            ],
            "authors": [
                {
                    "name": "Daniel Fahlke aka Flyingmana",
                    "email": "flyingmana@googlemail.com"
                },
                {
                    "name": "Jörg Weller",
                    "email": "weller@flagbit.de"
                },
                {
                    "name": "Karl Spies",
                    "email": "karl.spies@gmx.net"
                },
                {
                    "name": "Tobias Vogt",
                    "email": "tobi@webguys.de"
                },
                {
                    "name": "David Fuhr",
                    "email": "fuhr@flagbit.de"
                },
                {
                    "name": "Vinai Kopp",
                    "email": "vinai@netzarbeiter.com"
                }
            ],
            "description": "Composer installer for Magento modules",
            "homepage": "https://github.com/magento-hackathon/magento-composer-installer",
            "keywords": [
                "composer-installer",
                "magento"
            ],
            "support": {
                "source": "https://github.com/magento-hackathon/magento-composer-installer/tree/2.0.0",
                "issues": "https://github.com/magento-hackathon/magento-composer-installer/issues"
            },
            "time": "2014-06-06 20:52:39"
        }
    ],
    "packages-dev": [

    ],
    "aliases": [

    ],
    "minimum-stability": "stable",
    "stability-flags": [

    ],
    "platform": [

    ],
    "platform-dev": [

    ]
}
